
Microsoft Visual Studio Solution File, Format Version 12.00
# Visual Studio Version 17
VisualStudioVersion = 17.0.31903.59
MinimumVisualStudioVersion = 10.0.40219.1
Project("{FAE04EC0-301F-11D3-BF4B-00C04F79EFBC}") = "API", "API\API.csproj", "{0B0F59EA-2F40-4BFE-983E-59EBE33B9BD8}"
EndProject
Project("{FAE04EC0-301F-11D3-BF4B-00C04F79EFBC}") = "Application", "Application\Application.csproj", "{D823D37C-0564-4378-AE7C-04D3B0A4F411}"
EndProject
Project("{FAE04EC0-301F-11D3-BF4B-00C04F79EFBC}") = "Domain", "Domain\Domain.csproj", "{E0F44821-8E3A-4C28-8983-4C1F32EFCC7D}"
EndProject
Project("{FAE04EC0-301F-11D3-BF4B-00C04F79EFBC}") = "Persistence", "Persistence\Persistence.csproj", "{0446AC03-665F-4CE2-9CD5-23210E876532}"
EndProject
Global
	GlobalSection(SolutionConfigurationPlatforms) = preSolution
		Debug|Any CPU = Debug|Any CPU
		Release|Any CPU = Release|Any CPU
	EndGlobalSection
	GlobalSection(SolutionProperties) = preSolution
		HideSolutionNode = FALSE
	EndGlobalSection
	GlobalSection(ProjectConfigurationPlatforms) = postSolution
		{0B0F59EA-2F40-4BFE-983E-59EBE33B9BD8}.Debug|Any CPU.ActiveCfg = Debug|Any CPU
		{0B0F59EA-2F40-4BFE-983E-59EBE33B9BD8}.Debug|Any CPU.Build.0 = Debug|Any CPU
		{0B0F59EA-2F40-4BFE-983E-59EBE33B9BD8}.Release|Any CPU.ActiveCfg = Release|Any CPU
		{0B0F59EA-2F40-4BFE-983E-59EBE33B9BD8}.Release|Any CPU.Build.0 = Release|Any CPU
		{D823D37C-0564-4378-AE7C-04D3B0A4F411}.Debug|Any CPU.ActiveCfg = Debug|Any CPU
		{D823D37C-0564-4378-AE7C-04D3B0A4F411}.Debug|Any CPU.Build.0 = Debug|Any CPU
		{D823D37C-0564-4378-AE7C-04D3B0A4F411}.Release|Any CPU.ActiveCfg = Release|Any CPU
		{D823D37C-0564-4378-AE7C-04D3B0A4F411}.Release|Any CPU.Build.0 = Release|Any CPU
		{E0F44821-8E3A-4C28-8983-4C1F32EFCC7D}.Debug|Any CPU.ActiveCfg = Debug|Any CPU
		{E0F44821-8E3A-4C28-8983-4C1F32EFCC7D}.Debug|Any CPU.Build.0 = Debug|Any CPU
		{E0F44821-8E3A-4C28-8983-4C1F32EFCC7D}.Release|Any CPU.ActiveCfg = Release|Any CPU
		{E0F44821-8E3A-4C28-8983-4C1F32EFCC7D}.Release|Any CPU.Build.0 = Release|Any CPU
		{0446AC03-665F-4CE2-9CD5-23210E876532}.Debug|Any CPU.ActiveCfg = Debug|Any CPU
		{0446AC03-665F-4CE2-9CD5-23210E876532}.Debug|Any CPU.Build.0 = Debug|Any CPU
		{0446AC03-665F-4CE2-9CD5-23210E876532}.Release|Any CPU.ActiveCfg = Release|Any CPU
		{0446AC03-665F-4CE2-9CD5-23210E876532}.Release|Any CPU.Build.0 = Release|Any CPU
	EndGlobalSection
EndGlobal
